
Microsoft Visual Studio Solution File, Format Version 12.00
# Visual Studio Version 17
VisualStudioVersion = 17.7.34202.233
MinimumVisualStudioVersion = 10.0.40219.1
Project("{FAE04EC0-301F-11D3-BF4B-00C04F79EFBC}") = "OnlineAuctionSystem", "OnlineAuctionSystem.csproj", "{8C5776EC-AC94-4FE6-9412-0551B2A0463C}"
EndProject
Global
	GlobalSection(SolutionConfigurationPlatforms) = preSolution
		Debug|Any CPU = Debug|Any CPU
		Release|Any CPU = Release|Any CPU
	EndGlobalSection
	GlobalSection(ProjectConfigurationPlatforms) = postSolution
		{8C5776EC-AC94-4FE6-9412-0551B2A0463C}.Debug|Any CPU.ActiveCfg = Debug|Any CPU
		{8C5776EC-AC94-4FE6-9412-0551B2A0463C}.Debug|Any CPU.Build.0 = Debug|Any CPU
		{8C5776EC-AC94-4FE6-9412-0551B2A0463C}.Release|Any CPU.ActiveCfg = Release|Any CPU
		{8C5776EC-AC94-4FE6-9412-0551B2A0463C}.Release|Any CPU.Build.0 = Release|Any CPU
	EndGlobalSection
	GlobalSection(SolutionProperties) = preSolution
		HideSolutionNode = FALSE
	EndGlobalSection
	GlobalSection(ExtensibilityGlobals) = postSolution
		SolutionGuid = {D1DF6122-88E2-4CCF-91DC-A892724DD53E}
	EndGlobalSection
EndGlobal
